# This file was autogenerated by Stack.
# You should not edit this file by hand.
# For more information, please see the documentation at:
#   https://docs.haskellstack.org/en/stable/lock_files

packages:
- completed:
    size: 598612
    url: https://github.com/jaor/xmobar/archive/acfee33a270e19e062c67db0d47e9d4244fd34e4.tar.gz
    cabal-file:
      size: 10784
      sha256: a86757f82e35ef15113af01b79747a21385013c14e4752bac75773ccaa3f2f8f
    name: xmobar
    version: '0.31'
    sha256: 7a16e35498d33415456efd7d1b2dfb713e217127271d4f79aaf3636a5d10329e
    pantry-tree:
      size: 6787
      sha256: 2dc1d666766036369aa08ec386cae26678012cc04cbe337926b284f564df85e0
  original:
    url: https://github.com/jaor/xmobar/archive/acfee33a270e19e062c67db0d47e9d4244fd34e4.tar.gz
snapshots:
- completed:
    size: 525663
    url: https://raw.githubusercontent.com/commercialhaskell/stackage-snapshots/master/lts/14/14.yaml
    sha256: 6edc48df46eb8bf7b861e98dd30d021a92c2e1820c9bb6528aac5d997b0e14ef
  original: lts-14.14
